lockfileVersion: 5.4

specifiers:
  csv-generate: ^4.2.2
  csv-parse: ^5.3.5

dependencies:
  csv-generate: 4.2.2
  csv-parse: 5.3.5

packages:

  /csv-generate/4.2.2:
    resolution: {integrity: sha512-Ah/NcMxHMqwQsuL173yp8EOzHrbLh8iyScqTy990b+TJZNjHhy7gs5FfSmyQ2arLC2QVrueO3DYJVQnibJB3WQ==}
    dev: false

  /csv-parse/5.3.5:
    resolution: {integrity: sha512-8O5KTIRtwmtD3+EVfW6BCgbwZqJbhTYsQZry12F1TP5RUp0sD9tp1UnCWic3n0mLOhzeocYaCZNYxOGSg3dmmQ==}
    dev: false
